# Grafana Labs plugin catalog packages; version, architecture, SHA-256.
grafana-pyroscope-datasource 13.0.6 amd64 d4380ee6a82f1e284e517bc78826c6ede6a34c0a60d3c147f37e80d3c7038cdb
grafana-pyroscope-datasource 13.0.6 arm64 93a8a11d224ffae8470f3100e04b4d70561d496f14d52c91a6b1582c51cf51be
grafana-pyroscope-datasource 13.0.6 arm 044db66b49581b27ef250b0a2ebb65694d098fcab219d9529e2b17f79c1eabc9
influxdb 13.1.4 amd64 a29d89b26193c3c5d921c683c2b281d55f6caeb8dfa612d296c47e1a563e4c26
influxdb 13.1.4 arm64 8aeb082f9866e65e6056920c0d200df004f1f87a7ea92e4ea360ff02a13bab38
influxdb 13.1.4 arm 616ff58c6c6ffceeaaa671930ada0a63f9092be328794855c43d14aaebea222c
opentsdb 13.0.3 amd64 34270f63a9516b9f83d2729d57dbd9558313a654f0ad10f9a59c1d3d027e3a32
opentsdb 13.0.3 arm64 f47aa6ed60f73ac0368754779bb5714d383011ade13c2fc133701972e1edc8ae
opentsdb 13.0.3 arm e526c2f156dbfa97b8fa0c91d590226356ec5d78a78ef05a5ac6f098d519296f
prometheus 13.2.1 amd64 dd982c4b0e2466e0051a8001071c1ecc68c394a7eb31e2b1ad6dfff689c3ad72
prometheus 13.2.1 arm64 166888bce96dd42e071921e0e007435b0e993b6903ae243200759c85d15a9f7d
prometheus 13.2.1 arm 8fd68fdf32aeb8e45f8aa877bd65902ecd3f9a3bd226554a7d322f73b02ebdd9
stackdriver 12.6.2 amd64 4792fb5705567b03dc0089db1bd688fbc541f9b8bb47e40488b7b6a32a19bf5a
stackdriver 12.6.2 arm64 c1401ecc373a1c96be5e820361afb09d82914dfde4948c8d77bc55d55c147ef3
stackdriver 12.6.2 arm aa2a8100cb5af31e7b513262a12c4f1358c6fbe42807a0324fee3ede1b3990ec
tempo 13.2.1 amd64 12fd65ed8b321d02a0f1dde4b8fb465b5bb9be74df9f440d13efee4644c13e87
tempo 13.2.1 arm64 a9eb206826bc2b909e100dae3bffbc0e7a48249b19279ee5e002eb1831d06296
tempo 13.2.1 arm 171785626e2d39932843fb26a5783b79868b112aa45f9416f363dd2995addc17
zipkin 12.4.8 amd64 43dec3b7d37b26654b92de11cfe16916d918e9f67a7affaea9aa09a62ddc50be
zipkin 12.4.8 arm64 edad73b6306753b1faa3a12e8511e2bc616eec022d842e0eb4b48a8b51c7f092
zipkin 12.4.8 arm 5211378844267f7f85b6815579e35bcae467bef355078e5a61e21407d8bc1df7
